{
  "name": "vue-cms",
  "version": "1.0.0",
  "lockfileVersion": 1,
  "requires": true,
  "dependencies": {
    "@babel/runtime": {
      "version": "7.10.2",
      "resolved": "http://npm.devops.xiaohongshu.com:7001/@babel/runtime/download/@babel/runtime-7.10.2.tgz",
      "integrity": "sha1-0QPyHyYCSX04NIoy4AhjfVBtuDk=",
      "requires": {
        "regenerator-runtime": "^0.13.4"
      }
    },
    "@blueprintjs/icons": {
      "version": "3.18.0",
      "resolved": "http://npm.devops.xiaohongshu.com:7001/@blueprintjs/icons/download/@blueprintjs/icons-3.18.0.tgz",
      "integrity": "sha1-rPemkVuusFWNG+wyPACD265IrlE=",
      "requires": {
        "classnames": "^2.2",
        "tslib": "~1.10.0"
      }
    },
    "@emotion/cache": {
      "version": "10.0.29",
      "resolved": "http://npm.devops.xiaohongshu.com:7001/@emotion/cache/download/@emotion/cache-10.0.29.tgz",
      "integrity": "sha1-h+fmT0EsBgEC1Yn+fG3AQub50eA=",
      "requires": {
        "@emotion/sheet": "0.9.4",
        "@emotion/stylis": "0.8.5",
        "@emotion/utils": "0.11.3",
        "@emotion/weak-memoize": "0.2.5"
      }
    },
    "@emotion/hash": {
      "version": "0.8.0",
      "resolved": "http://npm.devops.xiaohongshu.com:7001/@emotion/hash/download/@emotion/hash-0.8.0.tgz",
      "integrity": "sha1-u7/2iXj+/b5ozLUzvIy+HRr7VBM="
    },
    "@emotion/memoize": {
      "version": "0.7.4",
      "resolved": "http://npm.devops.xiaohongshu.com:7001/@emotion/memoize/download/@emotion/memoize-0.7.4.tgz",
      "integrity": "sha1-Gb8PWvGRSREcQNmLsM+CEZ9dnus="
    },
    "@emotion/serialize": {
      "version": "0.11.16",
      "resolved": "http://npm.devops.xiaohongshu.com:7001/@emotion/serialize/download/@emotion/serialize-0.11.16.tgz",
      "integrity": "sha1-3uBfnpatL7JaUga211my0e0zea0=",
      "requires": {
        "@emotion/hash": "0.8.0",
        "@emotion/memoize": "0.7.4",
        "@emotion/unitless": "0.7.5",
        "@emotion/utils": "0.11.3",
        "csstype": "^2.5.7"
      }
    },
    "@emotion/sheet": {
      "version": "0.9.4",
      "resolved": "http://npm.devops.xiaohongshu.com:7001/@emotion/sheet/download/@emotion/sheet-0.9.4.tgz",
      "integrity": "sha1-iUN0vqOeww9Im7/DQ4GSuXdNMuU="
    },
    "@emotion/stylis": {
      "version": "0.8.5",
      "resolved": "http://npm.devops.xiaohongshu.com:7001/@emotion/stylis/download/@emotion/stylis-0.8.5.tgz",
      "integrity": "sha1-3qyzib1u530ef8rMzp4WxcfnjgQ="
    },
    "@emotion/unitless": {
      "version": "0.7.5",
      "resolved": "http://npm.devops.xiaohongshu.com:7001/@emotion/unitless/download/@emotion/unitless-0.7.5.tgz",
      "integrity": "sha1-dyESkcGQCnALinjPr9oxYNdpSe0="
    },
    "@emotion/utils": {
      "version": "0.11.3",
      "resolved": "http://npm.devops.xiaohongshu.com:7001/@emotion/utils/download/@emotion/utils-0.11.3.tgz",
      "integrity": "sha1-p1mGOGe++n5YNADTImUqP0SCCSQ="
    },
    "@emotion/weak-memoize": {
      "version": "0.2.5",
      "resolved": "http://npm.devops.xiaohongshu.com:7001/@emotion/weak-memoize/download/@emotion/weak-memoize-0.2.5.tgz",
      "integrity": "sha1-ju2YLi7m9/TkTCU+EpYpgHke/UY="
    },
    "@types/node": {
      "version": "14.0.11",
      "resolved": "http://npm.devops.xiaohongshu.com:7001/@types/node/download/@types/node-14.0.11.tgz",
      "integrity": "sha1-YdSIbiQk2nO3slVH9Z/ctTTBZaM="
    },
    "@types/zen-observable": {
      "version": "0.8.0",
      "resolved": "http://npm.devops.xiaohongshu.com:7001/@types/zen-observable/download/@types/zen-observable-0.8.0.tgz",
      "integrity": "sha1-i2OrfxqlMhJIqtWsiQpIVlbc6k0="
    },
    "@wry/context": {
      "version": "0.4.4",
      "resolved": "http://npm.devops.xiaohongshu.com:7001/@wry/context/download/@wry/context-0.4.4.tgz",
      "integrity": "sha1-5Q9fodbPqr8pd9H9pa6RcX+IFfg=",
      "requires": {
        "@types/node": ">=6",
        "tslib": "^1.9.3"
      }
    },
    "@wry/equality": {
      "version": "0.1.11",
      "resolved": "http://npm.devops.xiaohongshu.com:7001/@wry/equality/download/@wry/equality-0.1.11.tgz",
      "integrity": "sha1-NcsVbkqWaVqoGp7MTQN4e8F/F5A=",
      "requires": {
        "tslib": "^1.9.3"
      }
    },
    "@xhs/data-transform": {
      "version": "0.3.3",
      "resolved": "http://npm.devops.xiaohongshu.com:7001/@xhs/data-transform/download/@xhs/data-transform-0.3.3.tgz",
      "integrity": "sha1-m8VzExVq0PY41l+jeZIVvsCOixU="
    },
    "@xhs/fe-api-sign": {
      "version": "0.2.0",
      "resolved": "http://npm.devops.xiaohongshu.com:7001/@xhs/fe-api-sign/download/@xhs/fe-api-sign-0.2.0.tgz",
      "integrity": "sha1-qX4LdnrdIkOoS9QcLJ4vj4nSWjI=",
      "requires": {
        "md5": "^2.2.1"
      }
    },
    "@xhs/http": {
      "version": "1.4.0",
      "resolved": "http://npm.devops.xiaohongshu.com:7001/@xhs/http/download/@xhs/http-1.4.0.tgz",
      "integrity": "sha1-AroHqa1cZqg8tw3veDVkc5t8cOY=",
      "requires": {
        "@xhs/data-transform": "^0.3.3",
        "@xhs/logger": "^2.2.2",
        "axios": "^0.19.2"
      }
    },
    "@xhs/launcher": {
      "version": "2.6.0",
      "resolved": "http://npm.devops.xiaohongshu.com:7001/@xhs/launcher/download/@xhs/launcher-2.6.0.tgz",
      "integrity": "sha1-j9dnBcJnybe6dgnSoRRURg0Xeqw=",
      "requires": {
        "@xhs/fe-api-sign": "^0.2.0",
        "@xhs/http": "^1.4.0",
        "@xhs/logger": "^2.2.2",
        "@xhs/ozone-bridge": "^2.28.4",
        "escape-html": "^1.0.3",
        "serialize-javascript": "^3.1.0",
        "vue": "^2.6.11",
        "vue-router": "^3.3.2",
        "vue-server-renderer": "^2.6.11",
        "vue-template-compiler": "^2.6.11"
      }
    },
    "@xhs/logger": {
      "version": "2.2.2",
      "resolved": "http://npm.devops.xiaohongshu.com:7001/@xhs/logger/download/@xhs/logger-2.2.2.tgz",
      "integrity": "sha1-zkxVMIgPgjsPLKQ9q/l59DWOpJA="
    },
    "@xhs/ozone-bridge": {
      "version": "2.28.4",
      "resolved": "http://npm.devops.xiaohongshu.com:7001/@xhs/ozone-bridge/download/@xhs/ozone-bridge-2.28.4.tgz",
      "integrity": "sha1-U1+vnJsFajzDIFKzLS16KptBHhw=",
      "requires": {
        "@xhs/data-transform": "^0.3.3",
        "@xhs/logger": "^2.2.2",
        "@xhs/ozone-detector": "^3.4.4",
        "prop-types": "^15.7.2",
        "uuid": "^7.0.2"
      }
    },
    "@xhs/ozone-detector": {
      "version": "3.4.4",
      "resolved": "http://npm.devops.xiaohongshu.com:7001/@xhs/ozone-detector/download/@xhs/ozone-detector-3.4.4.tgz",
      "integrity": "sha1-jbPgJTJHHSpTtyzGp/c8Ons5kUI="
    },
    "@xhs/yam-beer": {
      "version": "2.25.0",
      "resolved": "http://npm.devops.xiaohongshu.com:7001/@xhs/yam-beer/download/@xhs/yam-beer-2.25.0.tgz",
      "integrity": "sha1-fChfUTXfmgY3hlzkx6h3r5uORg8=",
      "requires": {
        "@blueprintjs/icons": "^3.10.0",
        "@emotion/cache": "^10.0.15",
        "@emotion/serialize": "^0.11.9",
        "@emotion/sheet": "^0.9.3",
        "@emotion/utils": "^0.11.2",
        "accounting-js": "^1.1.1",
        "dayjs": "^1.8.18",
        "lodash": "^4.17.15",
        "object-assign": "^4.1.1",
        "sortablejs": "^1.10.2",
        "tinycolor2": "^1.4.1",
        "v-click-outside": "^2.1.3",
        "viewerjs": "^1.4.0",
        "yup": "^0.27.0"
      }
    },
    "@xhs/yam-style": {
      "version": "0.3.11",
      "resolved": "http://npm.devops.xiaohongshu.com:7001/@xhs/yam-style/download/@xhs/yam-style-0.3.11.tgz",
      "integrity": "sha1-0vuMLymDlQ+LqwAYkIcjhjuXEJw=",
      "requires": {
        "bootstrap": "~3.3.7",
        "font-awesome": "~4.7.0"
      }
    },
    "accounting-js": {
      "version": "1.1.1",
      "resolved": "http://npm.devops.xiaohongshu.com:7001/accounting-js/download/accounting-js-1.1.1.tgz",
      "integrity": "sha1-f+Sz9wwB6+C4XALF8QfxOTuIDJ4=",
      "requires": {
        "is-string": "^1.0.4",
        "object-assign": "^4.0.1"
      }
    },
    "ansi-regex": {
      "version": "2.1.1",
      "resolved": "http://npm.devops.xiaohongshu.com:7001/ansi-regex/download/ansi-regex-2.1.1.tgz",
      "integrity": "sha1-w7M6te42DYbg5ijwRorn7yfWVN8="
    },
    "ansi-styles": {
      "version": "2.2.1",
      "resolved": "http://npm.devops.xiaohongshu.com:7001/ansi-styles/download/ansi-styles-2.2.1.tgz",
      "integrity": "sha1-tDLdM1i2NM914eRmQ2gkBTPB3b4="
    },
    "apollo-boost": {
      "version": "0.4.9",
      "resolved": "http://npm.devops.xiaohongshu.com:7001/apollo-boost/download/apollo-boost-0.4.9.tgz",
      "integrity": "sha1-qzulOcLKlE5v0VZYOhsZVLF6Z5E=",
      "requires": {
        "apollo-cache": "^1.3.5",
        "apollo-cache-inmemory": "^1.6.6",
        "apollo-client": "^2.6.10",
        "apollo-link": "^1.0.6",
        "apollo-link-error": "^1.0.3",
        "apollo-link-http": "^1.3.1",
        "graphql-tag": "^2.4.2",
        "ts-invariant": "^0.4.0",
        "tslib": "^1.10.0"
      }
    },
    "apollo-cache": {
      "version": "1.3.5",
      "resolved": "http://npm.devops.xiaohongshu.com:7001/apollo-cache/download/apollo-cache-1.3.5.tgz",
      "integrity": "sha1-nb6/yNvo/n+XulaKIkvKLF2B9GE=",
      "requires": {
        "apollo-utilities": "^1.3.4",
        "tslib": "^1.10.0"
      }
    },
    "apollo-cache-inmemory": {
      "version": "1.6.6",
      "resolved": "http://npm.devops.xiaohongshu.com:7001/apollo-cache-inmemory/download/apollo-cache-inmemory-1.6.6.tgz",
      "integrity": "sha1-VtHypGOmudsy6fqZCvFtKgCCBv0=",
      "requires": {
        "apollo-cache": "^1.3.5",
        "apollo-utilities": "^1.3.4",
        "optimism": "^0.10.0",
        "ts-invariant": "^0.4.0",
        "tslib": "^1.10.0"
      }
    },
    "apollo-client": {
      "version": "2.6.10",
      "resolved": "http://npm.devops.xiaohongshu.com:7001/apollo-client/download/apollo-client-2.6.10.tgz",
      "integrity": "sha1-hmNwR7UdlAyOqncaTOGwLfFr6mo=",
      "requires": {
        "@types/zen-observable": "^0.8.0",
        "apollo-cache": "1.3.5",
        "apollo-link": "^1.0.0",
        "apollo-utilities": "1.3.4",
        "symbol-observable": "^1.0.2",
        "ts-invariant": "^0.4.0",
        "tslib": "^1.10.0",
        "zen-observable": "^0.8.0"
      }
    },
    "apollo-link": {
      "version": "1.2.14",
      "resolved": "http://npm.devops.xiaohongshu.com:7001/apollo-link/download/apollo-link-1.2.14.tgz",
      "integrity": "sha1-P+2ktH+eu6f0Fgvvi5d7pyW2hNk=",
      "requires": {
        "apollo-utilities": "^1.3.0",
        "ts-invariant": "^0.4.0",
        "tslib": "^1.9.3",
        "zen-observable-ts": "^0.8.21"
      }
    },
    "apollo-link-error": {
      "version": "1.1.13",
      "resolved": "http://npm.devops.xiaohongshu.com:7001/apollo-link-error/download/apollo-link-error-1.1.13.tgz",
      "integrity": "sha1-waG7h2/+OAgCyN8FBqMsM6rShM0=",
      "requires": {
        "apollo-link": "^1.2.14",
        "apollo-link-http-common": "^0.2.16",
        "tslib": "^1.9.3"
      }
    },
    "apollo-link-http": {
      "version": "1.5.17",
      "resolved": "http://npm.devops.xiaohongshu.com:7001/apollo-link-http/download/apollo-link-http-1.5.17.tgz",
      "integrity": "sha1-SZ6fFxG/aUSX8CxRrxLYLeXY2Lo=",
      "requires": {
        "apollo-link": "^1.2.14",
        "apollo-link-http-common": "^0.2.16",
        "tslib": "^1.9.3"
      }
    },
    "apollo-link-http-common": {
      "version": "0.2.16",
      "resolved": "http://npm.devops.xiaohongshu.com:7001/apollo-link-http-common/download/apollo-link-http-common-0.2.16.tgz",
      "integrity": "sha1-dWdJ2vxzJ5LIygkj+aQFZLfFnsw=",
      "requires": {
        "apollo-link": "^1.2.14",
        "ts-invariant": "^0.4.0",
        "tslib": "^1.9.3"
      }
    },
    "apollo-utilities": {
      "version": "1.3.4",
      "resolved": "http://npm.devops.xiaohongshu.com:7001/apollo-utilities/download/apollo-utilities-1.3.4.tgz",
      "integrity": "sha1-YSnkOOi+IBtsVbDxPOSdLHF1yc8=",
      "requires": {
        "@wry/equality": "^0.1.2",
        "fast-json-stable-stringify": "^2.0.0",
        "ts-invariant": "^0.4.0",
        "tslib": "^1.10.0"
      }
    },
    "axios": {
      "version": "0.19.2",
      "resolved": "http://npm.devops.xiaohongshu.com:7001/axios/download/axios-0.19.2.tgz",
      "integrity": "sha1-PqNsXYgY0NX4qKl6bTa4bNwAyyc=",
      "requires": {
        "follow-redirects": "1.5.10"
      }
    },
    "bootstrap": {
      "version": "3.3.7",
      "resolved": "http://npm.devops.xiaohongshu.com:7001/bootstrap/download/bootstrap-3.3.7.tgz",
      "integrity": "sha1-WjiTlFSfIzMIdaOxUGVldPip63E="
    },
    "chalk": {
      "version": "1.1.3",
      "resolved": "http://npm.devops.xiaohongshu.com:7001/chalk/download/chalk-1.1.3.tgz",
      "integrity": "sha1-qBFcVeSnAv5NFQq9OHKCKn4J/Jg=",
      "requires": {
        "ansi-styles": "^2.2.1",
        "escape-string-regexp": "^1.0.2",
        "has-ansi": "^2.0.0",
        "strip-ansi": "^3.0.0",
        "supports-color": "^2.0.0"
      }
    },
    "charenc": {
      "version": "0.0.2",
      "resolved": "http://npm.devops.xiaohongshu.com:7001/charenc/download/charenc-0.0.2.tgz",
      "integrity": "sha1-wKHS86cJLgN3S/qD8UwPxXkKhmc="
    },
    "classnames": {
      "version": "2.2.6",
      "resolved": "http://npm.devops.xiaohongshu.com:7001/classnames/download/classnames-2.2.6.tgz",
      "integrity": "sha1-Q5Nb/90pHzJtrQogUwmzjQD2UM4="
    },
    "color-convert": {
      "version": "1.9.3",
      "resolved": "http://npm.devops.xiaohongshu.com:7001/color-convert/download/color-convert-1.9.3.tgz",
      "integrity": "sha1-u3GFBpDh8TZWfeYp0tVHHe2kweg=",
      "requires": {
        "color-name": "1.1.3"
      }
    },
    "color-name": {
      "version": "1.1.3",
      "resolved": "http://npm.devops.xiaohongshu.com:7001/color-name/download/color-name-1.1.3.tgz",
      "integrity": "sha1-p9BVi9icQveV3UIyj3QIMcpTvCU="
    },
    "crypt": {
      "version": "0.0.2",
      "resolved": "http://npm.devops.xiaohongshu.com:7001/crypt/download/crypt-0.0.2.tgz",
      "integrity": "sha1-iNf/fsDfuG9xPch7u0LQRNPmxBs="
    },
    "csstype": {
      "version": "2.6.10",
      "resolved": "http://npm.devops.xiaohongshu.com:7001/csstype/download/csstype-2.6.10.tgz",
      "integrity": "sha1-5jr1DmbXwmbttrMpCc/Qqr4Dkos="
    },
    "dayjs": {
      "version": "1.8.28",
      "resolved": "http://npm.devops.xiaohongshu.com:7001/dayjs/download/dayjs-1.8.28.tgz",
      "integrity": "sha1-N6piAd9IPQiWRctsj2zvbwxNvAc="
    },
    "de-indent": {
      "version": "1.0.2",
      "resolved": "http://npm.devops.xiaohongshu.com:7001/de-indent/download/de-indent-1.0.2.tgz",
      "integrity": "sha1-sgOOhG3DO6pXlhKNCAS0VbjB4h0="
    },
    "debug": {
      "version": "3.1.0",
      "resolved": "http://npm.devops.xiaohongshu.com:7001/debug/download/debug-3.1.0.tgz",
      "integrity": "sha1-W7WgZyYotkFJVmuhaBnmFRjGcmE=",
      "requires": {
        "ms": "2.0.0"
      }
    },
    "escape-html": {
      "version": "1.0.3",
      "resolved": "http://npm.devops.xiaohongshu.com:7001/escape-html/download/escape-html-1.0.3.tgz",
      "integrity": "sha1-Aljq5NPQwJdN4cFpGI7wBR0dGYg="
    },
    "escape-string-regexp": {
      "version": "1.0.5",
      "resolved": "http://npm.devops.xiaohongshu.com:7001/escape-string-regexp/download/escape-string-regexp-1.0.5.tgz",
      "integrity": "sha1-G2HAViGQqN/2rjuyzwIAyhMLhtQ="
    },
    "fast-json-stable-stringify": {
      "version": "2.1.0",
      "resolved": "http://npm.devops.xiaohongshu.com:7001/fast-json-stable-stringify/download/fast-json-stable-stringify-2.1.0.tgz",
      "integrity": "sha1-h0v2nG9ATCtdmcSBNBOZ/VWJJjM="
    },
    "fn-name": {
      "version": "2.0.1",
      "resolved": "http://npm.devops.xiaohongshu.com:7001/fn-name/download/fn-name-2.0.1.tgz",
      "integrity": "sha1-UhTXU3pNBqSjAcDMJi/rhBiAAuc="
    },
    "follow-redirects": {
      "version": "1.5.10",
      "resolved": "http://npm.devops.xiaohongshu.com:7001/follow-redirects/download/follow-redirects-1.5.10.tgz",
      "integrity": "sha1-e3qfmuov3/NnhqlP9kPtB/T/Xio=",
      "requires": {
        "debug": "=3.1.0"
      }
    },
    "font-awesome": {
      "version": "4.7.0",
      "resolved": "http://npm.devops.xiaohongshu.com:7001/font-awesome/download/font-awesome-4.7.0.tgz",
      "integrity": "sha1-j6jPBBGhoxr9B7BtKQK7n8gVoTM="
    },
    "graphql": {
      "version": "15.0.0",
      "resolved": "http://npm.devops.xiaohongshu.com:7001/graphql/download/graphql-15.0.0.tgz",
      "integrity": "sha1-BCpeteJQai4hEc5B60RqjlcLi+k="
    },
    "graphql-tag": {
      "version": "2.10.3",
      "resolved": "http://npm.devops.xiaohongshu.com:7001/graphql-tag/download/graphql-tag-2.10.3.tgz",
      "integrity": "sha1-6hurpeuPxjOeTEzwSdq+UisO3wM="
    },
    "has-ansi": {
      "version": "2.0.0",
      "resolved": "http://npm.devops.xiaohongshu.com:7001/has-ansi/download/has-ansi-2.0.0.tgz",
      "integrity": "sha1-NPUEnOHs3ysGSa8+8k5F7TVBbZE=",
      "requires": {
        "ansi-regex": "^2.0.0"
      }
    },
    "has-flag": {
      "version": "3.0.0",
      "resolved": "http://npm.devops.xiaohongshu.com:7001/has-flag/download/has-flag-3.0.0.tgz",
      "integrity": "sha1-tdRU3CGZriJWmfNGfloH87lVuv0="
    },
    "hash-sum": {
      "version": "1.0.2",
      "resolved": "http://npm.devops.xiaohongshu.com:7001/hash-sum/download/hash-sum-1.0.2.tgz",
      "integrity": "sha1-M7QHd3VMZDJXPBIMw4CLvRDUfwQ="
    },
    "he": {
      "version": "1.2.0",
      "resolved": "http://npm.devops.xiaohongshu.com:7001/he/download/he-1.2.0.tgz",
      "integrity": "sha1-hK5l+n6vsWX922FWauFLrwVmTw8="
    },
    "is-buffer": {
      "version": "1.1.6",
      "resolved": "http://npm.devops.xiaohongshu.com:7001/is-buffer/download/is-buffer-1.1.6.tgz",
      "integrity": "sha1-76ouqdqg16suoTqXsritUf776L4="
    },
    "is-string": {
      "version": "1.0.5",
      "resolved": "http://npm.devops.xiaohongshu.com:7001/is-string/download/is-string-1.0.5.tgz",
      "integrity": "sha1-QEk+0ZjvP/R3uMf5L2ROyCpc06Y="
    },
    "js-tokens": {
      "version": "4.0.0",
      "resolved": "http://npm.devops.xiaohongshu.com:7001/js-tokens/download/js-tokens-4.0.0.tgz",
      "integrity": "sha1-GSA/tZmR35jjoocFDUZHzerzJJk="
    },
    "lodash": {
      "version": "4.17.19",
      "resolved": "https://registry.npmjs.org/lodash/-/lodash-4.17.19.tgz",
      "integrity": "sha512-JNvd8XER9GQX0v2qJgsaN/mzFCNA5BRe/j8JN9d+tWyGLSodKQHKFicdwNYzWwI3wjRnaKPsGj1XkBjx/F96DQ=="
    },
    "lodash._reinterpolate": {
      "version": "3.0.0",
      "resolved": "http://npm.devops.xiaohongshu.com:7001/lodash._reinterpolate/download/lodash._reinterpolate-3.0.0.tgz",
      "integrity": "sha1-DM8tiRZq8Ds2Y8eWU4t1rG4RTZ0="
    },
    "lodash.template": {
      "version": "4.5.0",
      "resolved": "http://npm.devops.xiaohongshu.com:7001/lodash.template/download/lodash.template-4.5.0.tgz",
      "integrity": "sha1-+XYZXPPzR9DV9SSDVp/oAxzM6Ks=",
      "requires": {
        "lodash._reinterpolate": "^3.0.0",
        "lodash.templatesettings": "^4.0.0"
      }
    },
    "lodash.templatesettings": {
      "version": "4.2.0",
      "resolved": "http://npm.devops.xiaohongshu.com:7001/lodash.templatesettings/download/lodash.templatesettings-4.2.0.tgz",
      "integrity": "sha1-5IExDwSdPPbUfpEq0JMTsVTw+zM=",
      "requires": {
        "lodash._reinterpolate": "^3.0.0"
      }
    },
    "lodash.uniq": {
      "version": "4.5.0",
      "resolved": "http://npm.devops.xiaohongshu.com:7001/lodash.uniq/download/lodash.uniq-4.5.0.tgz",
      "integrity": "sha1-0CJTc662Uq3BvILklFM5qEJ1R3M="
    },
    "loose-envify": {
      "version": "1.4.0",
      "resolved": "http://npm.devops.xiaohongshu.com:7001/loose-envify/download/loose-envify-1.4.0.tgz",
      "integrity": "sha1-ce5R+nvkyuwaY4OffmgtgTLTDK8=",
      "requires": {
        "js-tokens": "^3.0.0 || ^4.0.0"
      }
    },
    "md5": {
      "version": "2.2.1",
      "resolved": "http://npm.devops.xiaohongshu.com:7001/md5/download/md5-2.2.1.tgz",
      "integrity": "sha1-U6s41f48iJG6RlMp6iP6wFQBJvk=",
      "requires": {
        "charenc": "~0.0.1",
        "crypt": "~0.0.1",
        "is-buffer": "~1.1.1"
      }
    },
    "ms": {
      "version": "2.0.0",
      "resolved": "http://npm.devops.xiaohongshu.com:7001/ms/download/ms-2.0.0.tgz",
      "integrity": "sha1-VgiurfwAvmwpAd9fmGF4jeDVl8g="
    },
    "object-assign": {
      "version": "4.1.1",
      "resolved": "http://npm.devops.xiaohongshu.com:7001/object-assign/download/object-assign-4.1.1.tgz",
      "integrity": "sha1-IQmtx5ZYh8/AXLvUQsrIv7s2CGM="
    },
    "optimism": {
      "version": "0.10.3",
      "resolved": "http://npm.devops.xiaohongshu.com:7001/optimism/download/optimism-0.10.3.tgz",
      "integrity": "sha1-FjJo/cdB3qL7UPMAvt2oA1ZEX9c=",
      "requires": {
        "@wry/context": "^0.4.0"
      }
    },
    "path-parse": {
      "version": "1.0.6",
      "resolved": "http://npm.devops.xiaohongshu.com:7001/path-parse/download/path-parse-1.0.6.tgz",
      "integrity": "sha1-1i27VnlAXXLEc37FhgDp3c8G0kw="
    },
    "prop-types": {
      "version": "15.7.2",
      "resolved": "http://npm.devops.xiaohongshu.com:7001/prop-types/download/prop-types-15.7.2.tgz",
      "integrity": "sha1-UsQedbjIfnK52TYOAga5ncv/psU=",
      "requires": {
        "loose-envify": "^1.4.0",
        "object-assign": "^4.1.1",
        "react-is": "^16.8.1"
      }
    },
    "property-expr": {
      "version": "1.5.1",
      "resolved": "http://npm.devops.xiaohongshu.com:7001/property-expr/download/property-expr-1.5.1.tgz",
      "integrity": "sha1-IuhwaJSgyOKNWHNYBPa6OjZzMU8="
    },
    "randombytes": {
      "version": "2.1.0",
      "resolved": "http://npm.devops.xiaohongshu.com:7001/randombytes/download/randombytes-2.1.0.tgz",
      "integrity": "sha1-32+ENy8CcNxlzfYpE0mrekc9Tyo=",
      "requires": {
        "safe-buffer": "^5.1.0"
      }
    },
    "react-is": {
      "version": "16.13.1",
      "resolved": "http://npm.devops.xiaohongshu.com:7001/react-is/download/react-is-16.13.1.tgz",
      "integrity": "sha1-eJcppNw23imZ3BVt1sHZwYzqVqQ="
    },
    "regenerator-runtime": {
      "version": "0.13.5",
      "resolved": "http://npm.devops.xiaohongshu.com:7001/regenerator-runtime/download/regenerator-runtime-0.13.5.tgz",
      "integrity": "sha1-2Hih0JS0MG0QuQlkhLM+vVXiZpc="
    },
    "resolve": {
      "version": "1.17.0",
      "resolved": "http://npm.devops.xiaohongshu.com:7001/resolve/download/resolve-1.17.0.tgz",
      "integrity": "sha1-sllBtUloIxzC0bt2p5y38sC/hEQ=",
      "requires": {
        "path-parse": "^1.0.6"
      }
    },
    "safe-buffer": {
      "version": "5.2.1",
      "resolved": "http://npm.devops.xiaohongshu.com:7001/safe-buffer/download/safe-buffer-5.2.1.tgz",
      "integrity": "sha1-Hq+fqb2x/dTsdfWPnNtOa3gn7sY="
    },
    "serialize-javascript": {
      "version": "3.1.0",
      "resolved": "http://npm.devops.xiaohongshu.com:7001/serialize-javascript/download/serialize-javascript-3.1.0.tgz",
      "integrity": "sha1-i/OpFwcSZk7yVhtEtpHq/jmSFOo=",
      "requires": {
        "randombytes": "^2.1.0"
      }
    },
    "sortablejs": {
      "version": "1.10.2",
      "resolved": "http://npm.devops.xiaohongshu.com:7001/sortablejs/download/sortablejs-1.10.2.tgz",
      "integrity": "sha1-bkA2TZE/mLhaFPZnj5K1wSIfUpA="
    },
    "source-map": {
      "version": "0.5.6",
      "resolved": "http://npm.devops.xiaohongshu.com:7001/source-map/download/source-map-0.5.6.tgz",
      "integrity": "sha1-dc449SvwczxafwwRjYEzSiu19BI="
    },
    "strip-ansi": {
      "version": "3.0.1",
      "resolved": "http://npm.devops.xiaohongshu.com:7001/strip-ansi/download/strip-ansi-3.0.1.tgz",
      "integrity": "sha1-ajhfuIU9lS1f8F0Oiq+UJ43GPc8=",
      "requires": {
        "ansi-regex": "^2.0.0"
      }
    },
    "supports-color": {
      "version": "2.0.0",
      "resolved": "http://npm.devops.xiaohongshu.com:7001/supports-color/download/supports-color-2.0.0.tgz",
      "integrity": "sha1-U10EXOa2Nj+kARcIRimZXp3zJMc="
    },
    "symbol-observable": {
      "version": "1.2.0",
      "resolved": "http://npm.devops.xiaohongshu.com:7001/symbol-observable/download/symbol-observable-1.2.0.tgz",
      "integrity": "sha1-wiaIrtTqs83C3+rLtWFmBWCgCAQ="
    },
    "synchronous-promise": {
      "version": "2.0.13",
      "resolved": "http://npm.devops.xiaohongshu.com:7001/synchronous-promise/download/synchronous-promise-2.0.13.tgz",
      "integrity": "sha1-nYwWXd7mnFplQoYrQFvFAJWSZwI="
    },
    "throttle-debounce": {
      "version": "2.1.0",
      "resolved": "http://npm.devops.xiaohongshu.com:7001/throttle-debounce/download/throttle-debounce-2.1.0.tgz",
      "integrity": "sha1-JX5kjwpWvZ5U/g8TLEq4YR304dU="
    },
    "tinycolor2": {
      "version": "1.4.1",
      "resolved": "http://npm.devops.xiaohongshu.com:7001/tinycolor2/download/tinycolor2-1.4.1.tgz",
      "integrity": "sha1-9PrTM0R7wLB9TcjpIJ2POaisd+g="
    },
    "toposort": {
      "version": "2.0.2",
      "resolved": "http://npm.devops.xiaohongshu.com:7001/toposort/download/toposort-2.0.2.tgz",
      "integrity": "sha1-riF2gXXRVZ1IvvNUILL0li8JwzA="
    },
    "ts-invariant": {
      "version": "0.4.4",
      "resolved": "http://npm.devops.xiaohongshu.com:7001/ts-invariant/download/ts-invariant-0.4.4.tgz",
      "integrity": "sha1-l6UjUYaI+TqvrQGw6A64A+sqvYY=",
      "requires": {
        "tslib": "^1.9.3"
      }
    },
    "tslib": {
      "version": "1.10.0",
      "resolved": "http://npm.devops.xiaohongshu.com:7001/tslib/download/tslib-1.10.0.tgz",
      "integrity": "sha1-w8GflZc/sKYpc/sJ2Q2WHuQ+XIo="
    },
    "uuid": {
      "version": "7.0.3",
      "resolved": "http://npm.devops.xiaohongshu.com:7001/uuid/download/uuid-7.0.3.tgz",
      "integrity": "sha1-xcnyyM8l3Ao3LE3xRBxB9b0MaAs="
    },
    "v-click-outside": {
      "version": "2.1.5",
      "resolved": "http://npm.devops.xiaohongshu.com:7001/v-click-outside/download/v-click-outside-2.1.5.tgz",
      "integrity": "sha1-qmkXL7QfzHmya5pLxyowzPA/ejw="
    },
    "viewerjs": {
      "version": "1.5.0",
      "resolved": "http://npm.devops.xiaohongshu.com:7001/viewerjs/download/viewerjs-1.5.0.tgz",
      "integrity": "sha1-3r6pSSGJ+kEiPMVn3pFdeUNYmdA="
    },
    "vue": {
      "version": "2.6.11",
      "resolved": "http://npm.devops.xiaohongshu.com:7001/vue/download/vue-2.6.11.tgz",
      "integrity": "sha1-dllNh31LEiNEBuhONSdcbVFBJcU="
    },
    "vue-apollo": {
      "version": "3.0.3",
      "resolved": "http://npm.devops.xiaohongshu.com:7001/vue-apollo/download/vue-apollo-3.0.3.tgz",
      "integrity": "sha1-fylVjfdu7A8DJRhH7vFTgWomGCc=",
      "requires": {
        "chalk": "^2.4.2",
        "serialize-javascript": "^2.1.0",
        "throttle-debounce": "^2.1.0"
      },
      "dependencies": {
        "ansi-styles": {
          "version": "3.2.1",
          "resolved": "http://npm.devops.xiaohongshu.com:7001/ansi-styles/download/ansi-styles-3.2.1.tgz",
          "integrity": "sha1-QfuyAkPlCxK+DwS43tvwdSDOhB0=",
          "requires": {
            "color-convert": "^1.9.0"
          }
        },
        "chalk": {
          "version": "2.4.2",
          "resolved": "http://npm.devops.xiaohongshu.com:7001/chalk/download/chalk-2.4.2.tgz",
          "integrity": "sha1-zUJUFnelQzPPVBpJEIwUMrRMlCQ=",
          "requires": {
            "ansi-styles": "^3.2.1",
            "escape-string-regexp": "^1.0.5",
            "supports-color": "^5.3.0"
          }
        },
        "serialize-javascript": {
          "version": "2.1.2",
          "resolved": "http://npm.devops.xiaohongshu.com:7001/serialize-javascript/download/serialize-javascript-2.1.2.tgz",
          "integrity": "sha1-7OxTsOAxe9yV73arcHS3OEeF+mE="
        },
        "supports-color": {
          "version": "5.5.0",
          "resolved": "http://npm.devops.xiaohongshu.com:7001/supports-color/download/supports-color-5.5.0.tgz",
          "integrity": "sha1-4uaaRKyHcveKHsCzW2id9lMO/I8=",
          "requires": {
            "has-flag": "^3.0.0"
          }
        }
      }
    },
    "vue-router": {
      "version": "3.3.2",
      "resolved": "http://npm.devops.xiaohongshu.com:7001/vue-router/download/vue-router-3.3.2.tgz",
      "integrity": "sha1-AJneQC7bL+kvlxEFOrWiFW8jnK0="
    },
    "vue-server-renderer": {
      "version": "2.6.11",
      "resolved": "http://npm.devops.xiaohongshu.com:7001/vue-server-renderer/download/vue-server-renderer-2.6.11.tgz",
      "integrity": "sha1-voyavGqswwmCinVcAhoF/EdLS8M=",
      "requires": {
        "chalk": "^1.1.3",
        "hash-sum": "^1.0.2",
        "he": "^1.1.0",
        "lodash.template": "^4.5.0",
        "lodash.uniq": "^4.5.0",
        "resolve": "^1.2.0",
        "serialize-javascript": "^2.1.2",
        "source-map": "0.5.6"
      },
      "dependencies": {
        "serialize-javascript": {
          "version": "2.1.2",
          "resolved": "http://npm.devops.xiaohongshu.com:7001/serialize-javascript/download/serialize-javascript-2.1.2.tgz",
          "integrity": "sha1-7OxTsOAxe9yV73arcHS3OEeF+mE="
        }
      }
    },
    "vue-template-compiler": {
      "version": "2.6.11",
      "resolved": "http://npm.devops.xiaohongshu.com:7001/vue-template-compiler/download/vue-template-compiler-2.6.11.tgz",
      "integrity": "sha1-wEcE749JixUxMAGJk+VjCdRpgIA=",
      "requires": {
        "de-indent": "^1.0.2",
        "he": "^1.1.0"
      }
    },
    "yup": {
      "version": "0.27.0",
      "resolved": "http://npm.devops.xiaohongshu.com:7001/yup/download/yup-0.27.0.tgz",
      "integrity": "sha1-+MsZjI590hJL7dwkV1cTKQlrBuc=",
      "requires": {
        "@babel/runtime": "^7.0.0",
        "fn-name": "~2.0.1",
        "lodash": "^4.17.11",
        "property-expr": "^1.5.0",
        "synchronous-promise": "^2.0.6",
        "toposort": "^2.0.2"
      }
    },
    "zen-observable": {
      "version": "0.8.15",
      "resolved": "http://npm.devops.xiaohongshu.com:7001/zen-observable/download/zen-observable-0.8.15.tgz",
      "integrity": "sha1-lkFcUS2OP/2SCv04iWBOMLnqrBU="
    },
    "zen-observable-ts": {
      "version": "0.8.21",
      "resolved": "http://npm.devops.xiaohongshu.com:7001/zen-observable-ts/download/zen-observable-ts-0.8.21.tgz",
      "integrity": "sha1-hdADH7veHro80H07qQ2iQSFfQh0=",
      "requires": {
        "tslib": "^1.9.3",
        "zen-observable": "^0.8.0"
      }
    }
  }
}
